
Microsoft Visual Studio Solution File, Format Version 12.00
# Visual Studio 2012
Project("{FAE04EC0-301F-11D3-BF4B-00C04F79EFBC}") = "School.Models", "School.Models\School.Models.csproj", "{1A708247-11CF-4F03-A2BD-D81FEE265865}"
EndProject
Project("{FAE04EC0-301F-11D3-BF4B-00C04F79EFBC}") = "School.Data", "School.Data\School.Data.csproj", "{990948BD-63D9-4771-A1A3-94EBD4B67340}"
EndProject
Project("{FAE04EC0-301F-11D3-BF4B-00C04F79EFBC}") = "School.Repositories", "School.Repositories\School.Repositories.csproj", "{8DC7F237-1141-4816-BCC1-886E2E32BA24}"
EndProject
Project("{FAE04EC0-301F-11D3-BF4B-00C04F79EFBC}") = "School.Services", "School.Services\School.Services.csproj", "{4244A419-94D2-4E74-8E78-F8885247D6B7}"
EndProject
Project("{FAE04EC0-301F-11D3-BF4B-00C04F79EFBC}") = "School.Services.Tests", "School.Services.Tests\School.Services.Tests.csproj", "{B0827C55-C410-4848-9277-D5F2782CDBA3}"
EndProject
Project("{FAE04EC0-301F-11D3-BF4B-00C04F79EFBC}") = "School.Client", "School.Client\School.Client.csproj", "{D5562E9E-F6DD-4CB7-ABCE-BB8F376F6C4F}"
EndProject
Project("{FAE04EC0-301F-11D3-BF4B-00C04F79EFBC}") = "School.Repositories.Tests", "School.Repositories.Tests\School.Repositories.Tests.csproj", "{E641DF47-B69F-49BD-9EB5-B4B296A18CFB}"
EndProject
Global
	GlobalSection(SolutionConfigurationPlatforms) = preSolution
		Debug|Any CPU = Debug|Any CPU
		Release|Any CPU = Release|Any CPU
	EndGlobalSection
	GlobalSection(ProjectConfigurationPlatforms) = postSolution
		{1A708247-11CF-4F03-A2BD-D81FEE265865}.Debug|Any CPU.ActiveCfg = Debug|Any CPU
		{1A708247-11CF-4F03-A2BD-D81FEE265865}.Debug|Any CPU.Build.0 = Debug|Any CPU
		{1A708247-11CF-4F03-A2BD-D81FEE265865}.Release|Any CPU.ActiveCfg = Release|Any CPU
		{1A708247-11CF-4F03-A2BD-D81FEE265865}.Release|Any CPU.Build.0 = Release|Any CPU
		{990948BD-63D9-4771-A1A3-94EBD4B67340}.Debug|Any CPU.ActiveCfg = Debug|Any CPU
		{990948BD-63D9-4771-A1A3-94EBD4B67340}.Debug|Any CPU.Build.0 = Debug|Any CPU
		{990948BD-63D9-4771-A1A3-94EBD4B67340}.Release|Any CPU.ActiveCfg = Release|Any CPU
		{990948BD-63D9-4771-A1A3-94EBD4B67340}.Release|Any CPU.Build.0 = Release|Any CPU
		{8DC7F237-1141-4816-BCC1-886E2E32BA24}.Debug|Any CPU.ActiveCfg = Debug|Any CPU
		{8DC7F237-1141-4816-BCC1-886E2E32BA24}.Debug|Any CPU.Build.0 = Debug|Any CPU
		{8DC7F237-1141-4816-BCC1-886E2E32BA24}.Release|Any CPU.ActiveCfg = Release|Any CPU
		{8DC7F237-1141-4816-BCC1-886E2E32BA24}.Release|Any CPU.Build.0 = Release|Any CPU
		{4244A419-94D2-4E74-8E78-F8885247D6B7}.Debug|Any CPU.ActiveCfg = Debug|Any CPU
		{4244A419-94D2-4E74-8E78-F8885247D6B7}.Debug|Any CPU.Build.0 = Debug|Any CPU
		{4244A419-94D2-4E74-8E78-F8885247D6B7}.Release|Any CPU.ActiveCfg = Release|Any CPU
		{4244A419-94D2-4E74-8E78-F8885247D6B7}.Release|Any CPU.Build.0 = Release|Any CPU
		{B0827C55-C410-4848-9277-D5F2782CDBA3}.Debug|Any CPU.ActiveCfg = Debug|Any CPU
		{B0827C55-C410-4848-9277-D5F2782CDBA3}.Debug|Any CPU.Build.0 = Debug|Any CPU
		{B0827C55-C410-4848-9277-D5F2782CDBA3}.Release|Any CPU.ActiveCfg = Release|Any CPU
		{B0827C55-C410-4848-9277-D5F2782CDBA3}.Release|Any CPU.Build.0 = Release|Any CPU
		{D5562E9E-F6DD-4CB7-ABCE-BB8F376F6C4F}.Debug|Any CPU.ActiveCfg = Debug|Any CPU
		{D5562E9E-F6DD-4CB7-ABCE-BB8F376F6C4F}.Debug|Any CPU.Build.0 = Debug|Any CPU
		{D5562E9E-F6DD-4CB7-ABCE-BB8F376F6C4F}.Release|Any CPU.ActiveCfg = Release|Any CPU
		{D5562E9E-F6DD-4CB7-ABCE-BB8F376F6C4F}.Release|Any CPU.Build.0 = Release|Any CPU
		{E641DF47-B69F-49BD-9EB5-B4B296A18CFB}.Debug|Any CPU.ActiveCfg = Debug|Any CPU
		{E641DF47-B69F-49BD-9EB5-B4B296A18CFB}.Debug|Any CPU.Build.0 = Debug|Any CPU
		{E641DF47-B69F-49BD-9EB5-B4B296A18CFB}.Release|Any CPU.ActiveCfg = Release|Any CPU
		{E641DF47-B69F-49BD-9EB5-B4B296A18CFB}.Release|Any CPU.Build.0 = Release|Any CPU
	EndGlobalSection
	GlobalSection(SolutionProperties) = preSolution
		HideSolutionNode = FALSE
	EndGlobalSection
EndGlobal
